
Microsoft Visual Studio Solution File, Format Version 12.00
# Visual Studio 15
VisualStudioVersion = 15.0.27428.2037
MinimumVisualStudioVersion = 10.0.40219.1
Project("{FAE04EC0-301F-11D3-BF4B-00C04F79EFBC}") = "01War", "01War\01War.csproj", "{8D22D2CE-E46E-4516-BC11-0C839C67369C}"
EndProject
Global
	GlobalSection(SolutionConfigurationPlatforms) = preSolution
		Debug|Any CPU = Debug|Any CPU
		Release|Any CPU = Release|Any CPU
	EndGlobalSection
	GlobalSection(ProjectConfigurationPlatforms) = postSolution
		{8D22D2CE-E46E-4516-BC11-0C839C67369C}.Debug|Any CPU.ActiveCfg = Debug|Any CPU
		{8D22D2CE-E46E-4516-BC11-0C839C67369C}.Debug|Any CPU.Build.0 = Debug|Any CPU
		{8D22D2CE-E46E-4516-BC11-0C839C67369C}.Release|Any CPU.ActiveCfg = Release|Any CPU
		{8D22D2CE-E46E-4516-BC11-0C839C67369C}.Release|Any CPU.Build.0 = Release|Any CPU
	EndGlobalSection
	GlobalSection(SolutionProperties) = preSolution
		HideSolutionNode = FALSE
	EndGlobalSection
	GlobalSection(ExtensibilityGlobals) = postSolution
		SolutionGuid = {23496E61-036F-4D03-BA7C-EB2DAE2ACB05}
	EndGlobalSection
EndGlobal
